
Microsoft Visual Studio Solution File, Format Version 12.00
# Visual Studio 15
VisualStudioVersion = 15.0.28010.2036
MinimumVisualStudioVersion = 10.0.40219.1
Project("{FAE04EC0-301F-11D3-BF4B-00C04F79EFBC}") = "DeskBandLib", "DeskBandLib\DeskBandLib.csproj", "{5563284A-1EE6-492E-9E5B-181CB0159E6C}"
EndProject
Project("{FAE04EC0-301F-11D3-BF4B-00C04F79EFBC}") = "DeskBandLib.Sample", "DeskBandLib.Sample\DeskBandLib.Sample.csproj", "{4559D72C-CB75-4F81-A739-63B8B8B315E4}"
EndProject
Global
	GlobalSection(SolutionConfigurationPlatforms) = preSolution
		Debug|Any CPU = Debug|Any CPU
		Release|Any CPU = Release|Any CPU
	EndGlobalSection
	GlobalSection(ProjectConfigurationPlatforms) = postSolution
		{5563284A-1EE6-492E-9E5B-181CB0159E6C}.Debug|Any CPU.ActiveCfg = Debug|Any CPU
		{5563284A-1EE6-492E-9E5B-181CB0159E6C}.Debug|Any CPU.Build.0 = Debug|Any CPU
		{5563284A-1EE6-492E-9E5B-181CB0159E6C}.Release|Any CPU.ActiveCfg = Release|Any CPU
		{5563284A-1EE6-492E-9E5B-181CB0159E6C}.Release|Any CPU.Build.0 = Release|Any CPU
		{4559D72C-CB75-4F81-A739-63B8B8B315E4}.Debug|Any CPU.ActiveCfg = Debug|Any CPU
		{4559D72C-CB75-4F81-A739-63B8B8B315E4}.Debug|Any CPU.Build.0 = Debug|Any CPU
		{4559D72C-CB75-4F81-A739-63B8B8B315E4}.Release|Any CPU.ActiveCfg = Release|Any CPU
		{4559D72C-CB75-4F81-A739-63B8B8B315E4}.Release|Any CPU.Build.0 = Release|Any CPU
	EndGlobalSection
	GlobalSection(SolutionProperties) = preSolution
		HideSolutionNode = FALSE
	EndGlobalSection
	GlobalSection(ExtensibilityGlobals) = postSolution
		SolutionGuid = {D684C53F-AB5A-4802-862C-1BAB7CA611DC}
	EndGlobalSection
EndGlobal
